// !$*UTF8*$!
{
	archiveVersion = 1;
	classes = {
	};
	objectVersion = 46;
	objects = {

/* Begin PBXBuildFile section */
		D4F364D61962B43600846576 /* PureMVC Swift.h in Headers */ = {isa = PBXBuildFile; fileRef = D4F364D51962B43600846576 /* PureMVC Swift.h */; settings = {ATTRIBUTES = (Public, ); }; };
		D4F364DC1962B43700846576 /* PureMVCSwift.framework in Frameworks */ = {isa = PBXBuildFile; fileRef = D4F364D01962B43600846576 /* PureMVCSwift.framework */; };
		D4F364E31962B43700846576 /* PureMVC_SwiftTests.swift in Sources */ = {isa = PBXBuildFile; fileRef = D4F364E21962B43700846576 /* PureMVC_SwiftTests.swift */; };
		D4F364F51962B46800846576 /* AppDelegate.swift in Sources */ = {isa = PBXBuildFile; fileRef = D4F364F41962B46800846576 /* AppDelegate.swift */; };
		D4F364F71962B46800846576 /* ViewController.swift in Sources */ = {isa = PBXBuildFile; fileRef = D4F364F61962B46800846576 /* ViewController.swift */; };
		D4F364FA1962B46800846576 /* Main.storyboard in Resources */ = {isa = PBXBuildFile; fileRef = D4F364F81962B46800846576 /* Main.storyboard */; };
		D4F364FC1962B46800846576 /* Images.xcassets in Resources */ = {isa = PBXBuildFile; fileRef = D4F364FB1962B46800846576 /* Images.xcassets */; };
		D4F3651B1962B54B00846576 /* PureMVCSwift.framework in Frameworks */ = {isa = PBXBuildFile; fileRef = D4F364D01962B43600846576 /* PureMVCSwift.framework */; };
		D4F3651D1962B5AB00846576 /* Controller.swift in Sources */ = {isa = PBXBuildFile; fileRef = D4F3651C1962B5AB00846576 /* Controller.swift */; };
		D4F3651F1962B5B300846576 /* Model.swift in Sources */ = {isa = PBXBuildFile; fileRef = D4F3651E1962B5B300846576 /* Model.swift */; };
		D4F365211962B5BB00846576 /* View.swift in Sources */ = {isa = PBXBuildFile; fileRef = D4F365201962B5BB00846576 /* View.swift */; };
		D4F365231962B67200846576 /* ICommand.swift in Sources */ = {isa = PBXBuildFile; fileRef = D4F365221962B67200846576 /* ICommand.swift */; };
		D4F365251962B67B00846576 /* IController.swift in Sources */ = {isa = PBXBuildFile; fileRef = D4F365241962B67B00846576 /* IController.swift */; };
		D4F365271962B68700846576 /* IFacade.swift in Sources */ = {isa = PBXBuildFile; fileRef = D4F365261962B68700846576 /* IFacade.swift */; };
		D4F365291962B69E00846576 /* IMediator.swift in Sources */ = {isa = PBXBuildFile; fileRef = D4F365281962B69E00846576 /* IMediator.swift */; };
		D4F3652B1962B6A600846576 /* IModel.swift in Sources */ = {isa = PBXBuildFile; fileRef = D4F3652A1962B6A600846576 /* IModel.swift */; };
		D4F3652D1962B6AE00846576 /* INotification.swift in Sources */ = {isa = PBXBuildFile; fileRef = D4F3652C1962B6AE00846576 /* INotification.swift */; };
		D4F3652F1962B6B800846576 /* INotifier.swift in Sources */ = {isa = PBXBuildFile; fileRef = D4F3652E1962B6B800846576 /* INotifier.swift */; };
		D4F365311962B6BF00846576 /* IObserver.swift in Sources */ = {isa = PBXBuildFile; fileRef = D4F365301962B6BF00846576 /* IObserver.swift */; };
		D4F365331962B6C600846576 /* IProxy.swift in Sources */ = {isa = PBXBuildFile; fileRef = D4F365321962B6C600846576 /* IProxy.swift */; };
		D4F365351962B6CC00846576 /* IView.swift in Sources */ = {isa = PBXBuildFile; fileRef = D4F365341962B6CC00846576 /* IView.swift */; };
		D4F365371962B6DB00846576 /* MacroCommand.swift in Sources */ = {isa = PBXBuildFile; fileRef = D4F365361962B6DB00846576 /* MacroCommand.swift */; };
		D4F365391962B6E400846576 /* SimpleCommand.swift in Sources */ = {isa = PBXBuildFile; fileRef = D4F365381962B6E400846576 /* SimpleCommand.swift */; };
		D4F3653B1962B6F000846576 /* Facade.swift in Sources */ = {isa = PBXBuildFile; fileRef = D4F3653A1962B6F000846576 /* Facade.swift */; };
		D4F3653D1962B6FA00846576 /* Mediator.swift in Sources */ = {isa = PBXBuildFile; fileRef = D4F3653C1962B6FA00846576 /* Mediator.swift */; };
		D4F3653F1962B70500846576 /* Notification.swift in Sources */ = {isa = PBXBuildFile; fileRef = D4F3653E1962B70500846576 /* Notification.swift */; };
		D4F365411962B70D00846576 /* Notifier.swift in Sources */ = {isa = PBXBuildFile; fileRef = D4F365401962B70D00846576 /* Notifier.swift */; };
		D4F365431962B71300846576 /* Observer.swift in Sources */ = {isa = PBXBuildFile; fileRef = D4F365421962B71300846576 /* Observer.swift */; };
		D4F365451962B71D00846576 /* Proxy.swift in Sources */ = {isa = PBXBuildFile; fileRef = D4F365441962B71D00846576 /* Proxy.swift */; };
/* End PBXBuildFile section */

/* Begin PBXContainerItemProxy section */
		D4F364DD1962B43700846576 /* PBXContainerItemProxy */ = {
			isa = PBXContainerItemProxy;
			containerPortal = D4F364C71962B43600846576 /* Project object */;
			proxyType = 1;
			remoteGlobalIDString = D4F364CF1962B43600846576;
			remoteInfo = "PureMVC Swift";
		};
/* End PBXContainerItemProxy section */

/* Begin PBXFileReference section */
		D4F364D01962B43600846576 /* PureMVCSwift.framework */ = {isa = PBXFileReference; explicitFileType = wrapper.framework; includeInIndex = 0; path = PureMVCSwift.framework; sourceTree = BUILT_PRODUCTS_DIR; };
		D4F364D41962B43600846576 /* Info.plist */ = {isa = PBXFileReference; lastKnownFileType = text.plist.xml; path = Info.plist; sourceTree = "<group>"; };
		D4F364D51962B43600846576 /* PureMVC Swift.h */ = {isa = PBXFileReference; lastKnownFileType = sourcecode.c.h; path = "PureMVC Swift.h"; sourceTree = "<group>"; };
		D4F364DB1962B43700846576 /* PureMVC SwiftTests.xctest */ = {isa = PBXFileReference; explicitFileType = wrapper.cfbundle; includeInIndex = 0; path = "PureMVC SwiftTests.xctest"; sourceTree = BUILT_PRODUCTS_DIR; };
		D4F364E11962B43700846576 /* Info.plist */ = {isa = PBXFileReference; lastKnownFileType = text.plist.xml; path = Info.plist; sourceTree = "<group>"; };
		D4F364E21962B43700846576 /* PureMVC_SwiftTests.swift */ = {isa = PBXFileReference; lastKnownFileType = sourcecode.swift; path = PureMVC_SwiftTests.swift; sourceTree = "<group>"; };
		D4F364F01962B46800846576 /* PureMVC SwiftDemo.app */ = {isa = PBXFileReference; explicitFileType = wrapper.application; includeInIndex = 0; path = "PureMVC SwiftDemo.app"; sourceTree = BUILT_PRODUCTS_DIR; };
		D4F364F31962B46800846576 /* Info.plist */ = {isa = PBXFileReference; lastKnownFileType = text.plist.xml; path = Info.plist; sourceTree = "<group>"; };
		D4F364F41962B46800846576 /* AppDelegate.swift */ = {isa = PBXFileReference; lastKnownFileType = sourcecode.swift; path = AppDelegate.swift; sourceTree = "<group>"; };
		D4F364F61962B46800846576 /* ViewController.swift */ = {isa = PBXFileReference; lastKnownFileType = sourcecode.swift; path = ViewController.swift; sourceTree = "<group>"; };
		D4F364F91962B46800846576 /* Base */ = {isa = PBXFileReference; lastKnownFileType = file.storyboard; name = Base; path = Base.lproj/Main.storyboard; sourceTree = "<group>"; };
		D4F364FB1962B46800846576 /* Images.xcassets */ = {isa = PBXFileReference; lastKnownFileType = folder.assetcatalog; path = Images.xcassets; sourceTree = "<group>"; };
		D4F3651C1962B5AB00846576 /* Controller.swift */ = {isa = PBXFileReference; fileEncoding = 4; lastKnownFileType = sourcecode.swift; path = Controller.swift; sourceTree = "<group>"; };
		D4F3651E1962B5B300846576 /* Model.swift */ = {isa = PBXFileReference; fileEncoding = 4; lastKnownFileType = sourcecode.swift; path = Model.swift; sourceTree = "<group>"; };
		D4F365201962B5BB00846576 /* View.swift */ = {isa = PBXFileReference; fileEncoding = 4; lastKnownFileType = sourcecode.swift; path = View.swift; sourceTree = "<group>"; };
		D4F365221962B67200846576 /* ICommand.swift */ = {isa = PBXFileReference; fileEncoding = 4; lastKnownFileType = sourcecode.swift; path = ICommand.swift; sourceTree = "<group>"; };
		D4F365241962B67B00846576 /* IController.swift */ = {isa = PBXFileReference; fileEncoding = 4; lastKnownFileType = sourcecode.swift; path = IController.swift; sourceTree = "<group>"; };
		D4F365261962B68700846576 /* IFacade.swift */ = {isa = PBXFileReference; fileEncoding = 4; lastKnownFileType = sourcecode.swift; path = IFacade.swift; sourceTree = "<group>"; };
		D4F365281962B69E00846576 /* IMediator.swift */ = {isa = PBXFileReference; fileEncoding = 4; lastKnownFileType = sourcecode.swift; path = IMediator.swift; sourceTree = "<group>"; };
		D4F3652A1962B6A600846576 /* IModel.swift */ = {isa = PBXFileReference; fileEncoding = 4; lastKnownFileType = sourcecode.swift; path = IModel.swift; sourceTree = "<group>"; };
		D4F3652C1962B6AE00846576 /* INotification.swift */ = {isa = PBXFileReference; fileEncoding = 4; lastKnownFileType = sourcecode.swift; path = INotification.swift; sourceTree = "<group>"; };
		D4F3652E1962B6B800846576 /* INotifier.swift */ = {isa = PBXFileReference; fileEncoding = 4; lastKnownFileType = sourcecode.swift; path = INotifier.swift; sourceTree = "<group>"; };
		D4F365301962B6BF00846576 /* IObserver.swift */ = {isa = PBXFileReference; fileEncoding = 4; lastKnownFileType = sourcecode.swift; path = IObserver.swift; sourceTree = "<group>"; };
		D4F365321962B6C600846576 /* IProxy.swift */ = {isa = PBXFileReference; fileEncoding = 4; lastKnownFileType = sourcecode.swift; path = IProxy.swift; sourceTree = "<group>"; };
		D4F365341962B6CC00846576 /* IView.swift */ = {isa = PBXFileReference; fileEncoding = 4; lastKnownFileType = sourcecode.swift; path = IView.swift; sourceTree = "<group>"; };
		D4F365361962B6DB00846576 /* MacroCommand.swift */ = {isa = PBXFileReference; fileEncoding = 4; lastKnownFileType = sourcecode.swift; path = MacroCommand.swift; sourceTree = "<group>"; };
		D4F365381962B6E400846576 /* SimpleCommand.swift */ = {isa = PBXFileReference; fileEncoding = 4; lastKnownFileType = sourcecode.swift; path = SimpleCommand.swift; sourceTree = "<group>"; };
		D4F3653A1962B6F000846576 /* Facade.swift */ = {isa = PBXFileReference; fileEncoding = 4; lastKnownFileType = sourcecode.swift; path = Facade.swift; sourceTree = "<group>"; };
		D4F3653C1962B6FA00846576 /* Mediator.swift */ = {isa = PBXFileReference; fileEncoding = 4; lastKnownFileType = sourcecode.swift; path = Mediator.swift; sourceTree = "<group>"; };
		D4F3653E1962B70500846576 /* Notification.swift */ = {isa = PBXFileReference; fileEncoding = 4; lastKnownFileType = sourcecode.swift; path = Notification.swift; sourceTree = "<group>"; };
		D4F365401962B70D00846576 /* Notifier.swift */ = {isa = PBXFileReference; fileEncoding = 4; lastKnownFileType = sourcecode.swift; path = Notifier.swift; sourceTree = "<group>"; };
		D4F365421962B71300846576 /* Observer.swift */ = {isa = PBXFileReference; fileEncoding = 4; lastKnownFileType = sourcecode.swift; path = Observer.swift; sourceTree = "<group>"; };
		D4F365441962B71D00846576 /* Proxy.swift */ = {isa = PBXFileReference; fileEncoding = 4; lastKnownFileType = sourcecode.swift; path = Proxy.swift; sourceTree = "<group>"; };
/* End PBXFileReference section */

/* Begin PBXFrameworksBuildPhase section */
		D4F364CC1962B43600846576 /* Frameworks */ = {
			isa = PBXFrameworksBuildPhase;
			buildActionMask = 2147483647;
			files = (
			);
			runOnlyForDeploymentPostprocessing = 0;
		};
		D4F364D81962B43700846576 /* Frameworks */ = {
			isa = PBXFrameworksBuildPhase;
			buildActionMask = 2147483647;
			files = (
				D4F364DC1962B43700846576 /* PureMVCSwift.framework in Frameworks */,
			);
			runOnlyForDeploymentPostprocessing = 0;
		};
		D4F364ED1962B46800846576 /* Frameworks */ = {
			isa = PBXFrameworksBuildPhase;
			buildActionMask = 2147483647;
			files = (
				D4F3651B1962B54B00846576 /* PureMVCSwift.framework in Frameworks */,
			);
			runOnlyForDeploymentPostprocessing = 0;
		};
/* End PBXFrameworksBuildPhase section */

/* Begin PBXGroup section */
		D4F364C61962B43600846576 = {
			isa = PBXGroup;
			children = (
				D4F364D21962B43600846576 /* PureMVC Swift */,
				D4F364DF1962B43700846576 /* PureMVC SwiftTests */,
				D4F364F11962B46800846576 /* PureMVC SwiftDemo */,
				D4F364D11962B43600846576 /* Products */,
			);
			sourceTree = "<group>";
		};
		D4F364D11962B43600846576 /* Products */ = {
			isa = PBXGroup;
			children = (
				D4F364D01962B43600846576 /* PureMVCSwift.framework */,
				D4F364DB1962B43700846576 /* PureMVC SwiftTests.xctest */,
				D4F364F01962B46800846576 /* PureMVC SwiftDemo.app */,
			);
			name = Products;
			sourceTree = "<group>";
		};
		D4F364D21962B43600846576 /* PureMVC Swift */ = {
			isa = PBXGroup;
			children = (
				D4F365131962B51300846576 /* core */,
				D4F365141962B51300846576 /* interfaces */,
				D4F365151962B51300846576 /* patterns */,
				D4F364D51962B43600846576 /* PureMVC Swift.h */,
				D4F364D31962B43600846576 /* Supporting Files */,
			);
			path = "PureMVC Swift";
			sourceTree = "<group>";
		};
		D4F364D31962B43600846576 /* Supporting Files */ = {
			isa = PBXGroup;
			children = (
				D4F364D41962B43600846576 /* Info.plist */,
			);
			name = "Supporting Files";
			sourceTree = "<group>";
		};
		D4F364DF1962B43700846576 /* PureMVC SwiftTests */ = {
			isa = PBXGroup;
			children = (
				D4F364E21962B43700846576 /* PureMVC_SwiftTests.swift */,
				D4F364E01962B43700846576 /* Supporting Files */,
			);
			path = "PureMVC SwiftTests";
			sourceTree = "<group>";
		};
		D4F364E01962B43700846576 /* Supporting Files */ = {
			isa = PBXGroup;
			children = (
				D4F364E11962B43700846576 /* Info.plist */,
			);
			name = "Supporting Files";
			sourceTree = "<group>";
		};
		D4F364F11962B46800846576 /* PureMVC SwiftDemo */ = {
			isa = PBXGroup;
			children = (
				D4F364F41962B46800846576 /* AppDelegate.swift */,
				D4F364F61962B46800846576 /* ViewController.swift */,
				D4F364F81962B46800846576 /* Main.storyboard */,
				D4F364FB1962B46800846576 /* Images.xcassets */,
				D4F364F21962B46800846576 /* Supporting Files */,
			);
			path = "PureMVC SwiftDemo";
			sourceTree = "<group>";
		};
		D4F364F21962B46800846576 /* Supporting Files */ = {
			isa = PBXGroup;
			children = (
				D4F364F31962B46800846576 /* Info.plist */,
			);
			name = "Supporting Files";
			sourceTree = "<group>";
		};
		D4F365131962B51300846576 /* core */ = {
			isa = PBXGroup;
			children = (
				D4F3651C1962B5AB00846576 /* Controller.swift */,
				D4F3651E1962B5B300846576 /* Model.swift */,
				D4F365201962B5BB00846576 /* View.swift */,
			);
			name = core;
			path = org/puremvc/swift/core;
			sourceTree = "<group>";
		};
		D4F365141962B51300846576 /* interfaces */ = {
			isa = PBXGroup;
			children = (
				D4F365221962B67200846576 /* ICommand.swift */,
				D4F365241962B67B00846576 /* IController.swift */,
				D4F365261962B68700846576 /* IFacade.swift */,
				D4F365281962B69E00846576 /* IMediator.swift */,
				D4F3652A1962B6A600846576 /* IModel.swift */,
				D4F3652C1962B6AE00846576 /* INotification.swift */,
				D4F3652E1962B6B800846576 /* INotifier.swift */,
				D4F365301962B6BF00846576 /* IObserver.swift */,
				D4F365321962B6C600846576 /* IProxy.swift */,
				D4F365341962B6CC00846576 /* IView.swift */,
			);
			name = interfaces;
			path = org/puremvc/swift/interfaces;
			sourceTree = "<group>";
		};
		D4F365151962B51300846576 /* patterns */ = {
			isa = PBXGroup;
			children = (
				D4F365161962B51300846576 /* command */,
				D4F365171962B51300846576 /* facade */,
				D4F365181962B51300846576 /* mediator */,
				D4F365191962B51300846576 /* observer */,
				D4F3651A1962B51300846576 /* proxy */,
			);
			name = patterns;
			path = org/puremvc/swift/patterns;
			sourceTree = "<group>";
		};
		D4F365161962B51300846576 /* command */ = {
			isa = PBXGroup;
			children = (
				D4F365361962B6DB00846576 /* MacroCommand.swift */,
				D4F365381962B6E400846576 /* SimpleCommand.swift */,
			);
			path = command;
			sourceTree = "<group>";
		};
		D4F365171962B51300846576 /* facade */ = {
			isa = PBXGroup;
			children = (
				D4F3653A1962B6F000846576 /* Facade.swift */,
			);
			path = facade;
			sourceTree = "<group>";
		};
		D4F365181962B51300846576 /* mediator */ = {
			isa = PBXGroup;
			children = (
				D4F3653C1962B6FA00846576 /* Mediator.swift */,
			);
			path = mediator;
			sourceTree = "<group>";
		};
		D4F365191962B51300846576 /* observer */ = {
			isa = PBXGroup;
			children = (
				D4F3653E1962B70500846576 /* Notification.swift */,
				D4F365401962B70D00846576 /* Notifier.swift */,
				D4F365421962B71300846576 /* Observer.swift */,
			);
			path = observer;
			sourceTree = "<group>";
		};
		D4F3651A1962B51300846576 /* proxy */ = {
			isa = PBXGroup;
			children = (
				D4F365441962B71D00846576 /* Proxy.swift */,
			);
			path = proxy;
			sourceTree = "<group>";
		};
/* End PBXGroup section */

/* Begin PBXHeadersBuildPhase section */
		D4F364CD1962B43600846576 /* Headers */ = {
			isa = PBXHeadersBuildPhase;
			buildActionMask = 2147483647;
			files = (
				D4F364D61962B43600846576 /* PureMVC Swift.h in Headers */,
			);
			runOnlyForDeploymentPostprocessing = 0;
		};
/* End PBXHeadersBuildPhase section */

/* Begin PBXNativeTarget section */
		D4F364CF1962B43600846576 /* PureMVCSwift */ = {
			isa = PBXNativeTarget;
			buildConfigurationList = D4F364E61962B43700846576 /* Build configuration list for PBXNativeTarget "PureMVCSwift" */;
			buildPhases = (
				D4F364CB1962B43600846576 /* Sources */,
				D4F364CC1962B43600846576 /* Frameworks */,
				D4F364CD1962B43600846576 /* Headers */,
				D4F364CE1962B43600846576 /* Resources */,
			);
			buildRules = (
			);
			dependencies = (
			);
			name = PureMVCSwift;
			productName = "PureMVC Swift";
			productReference = D4F364D01962B43600846576 /* PureMVCSwift.framework */;
			productType = "com.apple.product-type.framework";
		};
		D4F364DA1962B43700846576 /* PureMVCSwiftTests */ = {
			isa = PBXNativeTarget;
			buildConfigurationList = D4F364E91962B43700846576 /* Build configuration list for PBXNativeTarget "PureMVCSwiftTests" */;
			buildPhases = (
				D4F364D71962B43700846576 /* Sources */,
				D4F364D81962B43700846576 /* Frameworks */,
				D4F364D91962B43700846576 /* Resources */,
			);
			buildRules = (
			);
			dependencies = (
				D4F364DE1962B43700846576 /* PBXTargetDependency */,
			);
			name = PureMVCSwiftTests;
			productName = "PureMVC SwiftTests";
			productReference = D4F364DB1962B43700846576 /* PureMVC SwiftTests.xctest */;
			productType = "com.apple.product-type.bundle.unit-test";
		};
		D4F364EF1962B46800846576 /* PureMVCSwiftDemo */ = {
			isa = PBXNativeTarget;
			buildConfigurationList = D4F365091962B46800846576 /* Build configuration list for PBXNativeTarget "PureMVCSwiftDemo" */;
			buildPhases = (
				D4F364EC1962B46800846576 /* Sources */,
				D4F364ED1962B46800846576 /* Frameworks */,
				D4F364EE1962B46800846576 /* Resources */,
			);
			buildRules = (
			);
			dependencies = (
			);
			name = PureMVCSwiftDemo;
			productName = "PureMVC SwiftDemo";
			productReference = D4F364F01962B46800846576 /* PureMVC SwiftDemo.app */;
			productType = "com.apple.product-type.application";
		};
/* End PBXNativeTarget section */

/* Begin PBXProject section */
		D4F364C71962B43600846576 /* Project object */ = {
			isa = PBXProject;
			attributes = {
				LastUpgradeCheck = 0600;
				ORGANIZATIONNAME = "Stephan Schulz";
				TargetAttributes = {
					D4F364CF1962B43600846576 = {
						CreatedOnToolsVersion = 6.0;
					};
					D4F364DA1962B43700846576 = {
						CreatedOnToolsVersion = 6.0;
						TestTargetID = D4F364CF1962B43600846576;
					};
					D4F364EF1962B46800846576 = {
						CreatedOnToolsVersion = 6.0;
					};
				};
			};
			buildConfigurationList = D4F364CA1962B43600846576 /* Build configuration list for PBXProject "PureMVC Swift" */;
			compatibilityVersion = "Xcode 3.2";
			developmentRegion = English;
			hasScannedForEncodings = 0;
			knownRegions = (
				en,
				Base,
			);
			mainGroup = D4F364C61962B43600846576;
			productRefGroup = D4F364D11962B43600846576 /* Products */;
			projectDirPath = "";
			projectRoot = "";
			targets = (
				D4F364CF1962B43600846576 /* PureMVCSwift */,
				D4F364DA1962B43700846576 /* PureMVCSwiftTests */,
				D4F364EF1962B46800846576 /* PureMVCSwiftDemo */,
			);
		};
/* End PBXProject section */

/* Begin PBXResourcesBuildPhase section */
		D4F364CE1962B43600846576 /* Resources */ = {
			isa = PBXResourcesBuildPhase;
			buildActionMask = 2147483647;
			files = (
			);
			runOnlyForDeploymentPostprocessing = 0;
		};
		D4F364D91962B43700846576 /* Resources */ = {
			isa = PBXResourcesBuildPhase;
			buildActionMask = 2147483647;
			files = (
			);
			runOnlyForDeploymentPostprocessing = 0;
		};
		D4F364EE1962B46800846576 /* Resources */ = {
			isa = PBXResourcesBuildPhase;
			buildActionMask = 2147483647;
			files = (
				D4F364FA1962B46800846576 /* Main.storyboard in Resources */,
				D4F364FC1962B46800846576 /* Images.xcassets in Resources */,
			);
			runOnlyForDeploymentPostprocessing = 0;
		};
/* End PBXResourcesBuildPhase section */

/* Begin PBXSourcesBuildPhase section */
		D4F364CB1962B43600846576 /* Sources */ = {
			isa = PBXSourcesBuildPhase;
			buildActionMask = 2147483647;
			files = (
				D4F365411962B70D00846576 /* Notifier.swift in Sources */,
				D4F365431962B71300846576 /* Observer.swift in Sources */,
				D4F3653D1962B6FA00846576 /* Mediator.swift in Sources */,
				D4F3651D1962B5AB00846576 /* Controller.swift in Sources */,
				D4F3653F1962B70500846576 /* Notification.swift in Sources */,
				D4F3652B1962B6A600846576 /* IModel.swift in Sources */,
				D4F365371962B6DB00846576 /* MacroCommand.swift in Sources */,
				D4F365251962B67B00846576 /* IController.swift in Sources */,
				D4F365291962B69E00846576 /* IMediator.swift in Sources */,
				D4F3652D1962B6AE00846576 /* INotification.swift in Sources */,
				D4F365451962B71D00846576 /* Proxy.swift in Sources */,
				D4F3652F1962B6B800846576 /* INotifier.swift in Sources */,
				D4F365231962B67200846576 /* ICommand.swift in Sources */,
				D4F365351962B6CC00846576 /* IView.swift in Sources */,
				D4F365311962B6BF00846576 /* IObserver.swift in Sources */,
				D4F365391962B6E400846576 /* SimpleCommand.swift in Sources */,
				D4F3653B1962B6F000846576 /* Facade.swift in Sources */,
				D4F365271962B68700846576 /* IFacade.swift in Sources */,
				D4F3651F1962B5B300846576 /* Model.swift in Sources */,
				D4F365331962B6C600846576 /* IProxy.swift in Sources */,
				D4F365211962B5BB00846576 /* View.swift in Sources */,
			);
			runOnlyForDeploymentPostprocessing = 0;
		};
		D4F364D71962B43700846576 /* Sources */ = {
			isa = PBXSourcesBuildPhase;
			buildActionMask = 2147483647;
			files = (
				D4F364E31962B43700846576 /* PureMVC_SwiftTests.swift in Sources */,
			);
			runOnlyForDeploymentPostprocessing = 0;
		};
		D4F364EC1962B46800846576 /* Sources */ = {
			isa = PBXSourcesBuildPhase;
			buildActionMask = 2147483647;
			files = (
				D4F364F71962B46800846576 /* ViewController.swift in Sources */,
				D4F364F51962B46800846576 /* AppDelegate.swift in Sources */,
			);
			runOnlyForDeploymentPostprocessing = 0;
		};
/* End PBXSourcesBuildPhase section */

/* Begin PBXTargetDependency section */
		D4F364DE1962B43700846576 /* PBXTargetDependency */ = {
			isa = PBXTargetDependency;
			target = D4F364CF1962B43600846576 /* PureMVCSwift */;
			targetProxy = D4F364DD1962B43700846576 /* PBXContainerItemProxy */;
		};
/* End PBXTargetDependency section */

/* Begin PBXVariantGroup section */
		D4F364F81962B46800846576 /* Main.storyboard */ = {
			isa = PBXVariantGroup;
			children = (
				D4F364F91962B46800846576 /* Base */,
			);
			name = Main.storyboard;
			sourceTree = "<group>";
		};
/* End PBXVariantGroup section */

/* Begin XCBuildConfiguration section */
		D4F364E41962B43700846576 /* Debug */ = {
			isa = XCBuildConfiguration;
			buildSettings = {
				ALWAYS_SEARCH_USER_PATHS = NO;
				CLANG_CXX_LANGUAGE_STANDARD = "gnu++0x";
				CLANG_CXX_LIBRARY = "libc++";
				CLANG_ENABLE_MODULES = YES;
				CLANG_ENABLE_OBJC_ARC = YES;
				CLANG_WARN_BOOL_CONVERSION = YES;
				CLANG_WARN_CONSTANT_CONVERSION = YES;
				CLANG_WARN_DIRECT_OBJC_ISA_USAGE = YES_ERROR;
				CLANG_WARN_EMPTY_BODY = YES;
				CLANG_WARN_ENUM_CONVERSION = YES;
				CLANG_WARN_INT_CONVERSION = YES;
				CLANG_WARN_OBJC_ROOT_CLASS = YES_ERROR;
				CLANG_WARN_UNREACHABLE_CODE = YES;
				CLANG_WARN__DUPLICATE_METHOD_MATCH = YES;
				"CODE_SIGN_IDENTITY[sdk=iphoneos*]" = "iPhone Developer";
				COPY_PHASE_STRIP = NO;
				CURRENT_PROJECT_VERSION = 1;
				ENABLE_STRICT_OBJC_MSGSEND = YES;
				GCC_C_LANGUAGE_STANDARD = gnu99;
				GCC_DYNAMIC_NO_PIC = NO;
				GCC_OPTIMIZATION_LEVEL = 0;
				GCC_PREPROCESSOR_DEFINITIONS = (
					"DEBUG=1",
					"$(inherited)",
				);
				GCC_SYMBOLS_PRIVATE_EXTERN = NO;
				GCC_WARN_64_TO_32_BIT_CONVERSION = YES;
				GCC_WARN_ABOUT_RETURN_TYPE = YES_ERROR;
				GCC_WARN_UNDECLARED_SELECTOR = YES;
				GCC_WARN_UNINITIALIZED_AUTOS = YES_AGGRESSIVE;
				GCC_WARN_UNUSED_FUNCTION = YES;
				GCC_WARN_UNUSED_VARIABLE = YES;
				IPHONEOS_DEPLOYMENT_TARGET = 8.0;
				METAL_ENABLE_DEBUG_INFO = YES;
				ONLY_ACTIVE_ARCH = YES;
				SDKROOT = iphoneos;
				SWIFT_OPTIMIZATION_LEVEL = "-Onone";
				TARGETED_DEVICE_FAMILY = "1,2";
				VERSIONING_SYSTEM = "apple-generic";
				VERSION_INFO_PREFIX = "";
			};
			name = Debug;
		};
		D4F364E51962B43700846576 /* Release */ = {
			isa = XCBuildConfiguration;
			buildSettings = {
				ALWAYS_SEARCH_USER_PATHS = NO;
				CLANG_CXX_LANGUAGE_STANDARD = "gnu++0x";
				CLANG_CXX_LIBRARY = "libc++";
				CLANG_ENABLE_MODULES = YES;
				CLANG_ENABLE_OBJC_ARC = YES;
				CLANG_WARN_BOOL_CONVERSION = YES;
				CLANG_WARN_CONSTANT_CONVERSION = YES;
				CLANG_WARN_DIRECT_OBJC_ISA_USAGE = YES_ERROR;
				CLANG_WARN_EMPTY_BODY = YES;
				CLANG_WARN_ENUM_CONVERSION = YES;
				CLANG_WARN_INT_CONVERSION = YES;
				CLANG_WARN_OBJC_ROOT_CLASS = YES_ERROR;
				CLANG_WARN_UNREACHABLE_CODE = YES;
				CLANG_WARN__DUPLICATE_METHOD_MATCH = YES;
				"CODE_SIGN_IDENTITY[sdk=iphoneos*]" = "iPhone Developer";
				COPY_PHASE_STRIP = YES;
				CURRENT_PROJECT_VERSION = 1;
				ENABLE_NS_ASSERTIONS = NO;
				ENABLE_STRICT_OBJC_MSGSEND = YES;
				GCC_C_LANGUAGE_STANDARD = gnu99;
				GCC_WARN_64_TO_32_BIT_CONVERSION = YES;
				GCC_WARN_ABOUT_RETURN_TYPE = YES_ERROR;
				GCC_WARN_UNDECLARED_SELECTOR = YES;
				GCC_WARN_UNINITIALIZED_AUTOS = YES_AGGRESSIVE;
				GCC_WARN_UNUSED_FUNCTION = YES;
				GCC_WARN_UNUSED_VARIABLE = YES;
				IPHONEOS_DEPLOYMENT_TARGET = 8.0;
				METAL_ENABLE_DEBUG_INFO = NO;
				SDKROOT = iphoneos;
				TARGETED_DEVICE_FAMILY = "1,2";
				VALIDATE_PRODUCT = YES;
				VERSIONING_SYSTEM = "apple-generic";
				VERSION_INFO_PREFIX = "";
			};
			name = Release;
		};
		D4F364E71962B43700846576 /* Debug */ = {
			isa = XCBuildConfiguration;
			buildSettings = {
				CLANG_ENABLE_MODULES = YES;
				DEFINES_MODULE = YES;
				DYLIB_COMPATIBILITY_VERSION = 1;
				DYLIB_CURRENT_VERSION = 1;
				DYLIB_INSTALL_NAME_BASE = "@rpath";
				INFOPLIST_FILE = "PureMVC Swift/Info.plist";
				INSTALL_PATH = "$(LOCAL_LIBRARY_DIR)/Frameworks";
				LD_RUNPATH_SEARCH_PATHS = "$(inherited) @executable_path/Frameworks @loader_path/Frameworks";
				PRODUCT_NAME = "$(TARGET_NAME)";
				SKIP_INSTALL = YES;
				SWIFT_OPTIMIZATION_LEVEL = "-Onone";
			};
			name = Debug;
		};
		D4F364E81962B43700846576 /* Release */ = {
			isa = XCBuildConfiguration;
			buildSettings = {
				CLANG_ENABLE_MODULES = YES;
				DEFINES_MODULE = YES;
				DYLIB_COMPATIBILITY_VERSION = 1;
				DYLIB_CURRENT_VERSION = 1;
				DYLIB_INSTALL_NAME_BASE = "@rpath";
				INFOPLIST_FILE = "PureMVC Swift/Info.plist";
				INSTALL_PATH = "$(LOCAL_LIBRARY_DIR)/Frameworks";
				LD_RUNPATH_SEARCH_PATHS = "$(inherited) @executable_path/Frameworks @loader_path/Frameworks";
				PRODUCT_NAME = "$(TARGET_NAME)";
				SKIP_INSTALL = YES;
			};
			name = Release;
		};
		D4F364EA1962B43700846576 /* Debug */ = {
			isa = XCBuildConfiguration;
			buildSettings = {
				FRAMEWORK_SEARCH_PATHS = (
					"$(SDKROOT)/Developer/Library/Frameworks",
					"$(inherited)",
				);
				GCC_PREPROCESSOR_DEFINITIONS = (
					"DEBUG=1",
					"$(inherited)",
				);
				INFOPLIST_FILE = "PureMVC SwiftTests/Info.plist";
				LD_RUNPATH_SEARCH_PATHS = "$(inherited) @executable_path/Frameworks @loader_path/Frameworks";
				METAL_ENABLE_DEBUG_INFO = YES;
				PRODUCT_NAME = "$(TARGET_NAME)";
			};
			name = Debug;
		};
		D4F364EB1962B43700846576 /* Release */ = {
			isa = XCBuildConfiguration;
			buildSettings = {
				FRAMEWORK_SEARCH_PATHS = (
					"$(SDKROOT)/Developer/Library/Frameworks",
					"$(inherited)",
				);
				INFOPLIST_FILE = "PureMVC SwiftTests/Info.plist";
				LD_RUNPATH_SEARCH_PATHS = "$(inherited) @executable_path/Frameworks @loader_path/Frameworks";
				METAL_ENABLE_DEBUG_INFO = NO;
				PRODUCT_NAME = "$(TARGET_NAME)";
			};
			name = Release;
		};
		D4F3650A1962B46800846576 /* Debug */ = {
			isa = XCBuildConfiguration;
			buildSettings = {
				ASSETCATALOG_COMPILER_APPICON_NAME = AppIcon;
				ASSETCATALOG_COMPILER_LAUNCHIMAGE_NAME = LaunchImage;
				GCC_PREPROCESSOR_DEFINITIONS = (
					"DEBUG=1",
					"$(inherited)",
				);
				INFOPLIST_FILE = "PureMVC SwiftDemo/Info.plist";
				LD_RUNPATH_SEARCH_PATHS = "$(inherited) @executable_path/Frameworks";
				METAL_ENABLE_DEBUG_INFO = YES;
				PRODUCT_NAME = "$(TARGET_NAME)";
			};
			name = Debug;
		};
		D4F3650B1962B46800846576 /* Release */ = {
			isa = XCBuildConfiguration;
			buildSettings = {
				ASSETCATALOG_COMPILER_APPICON_NAME = AppIcon;
				ASSETCATALOG_COMPILER_LAUNCHIMAGE_NAME = LaunchImage;
				INFOPLIST_FILE = "PureMVC SwiftDemo/Info.plist";
				LD_RUNPATH_SEARCH_PATHS = "$(inherited) @executable_path/Frameworks";
				METAL_ENABLE_DEBUG_INFO = NO;
				PRODUCT_NAME = "$(TARGET_NAME)";
			};
			name = Release;
		};
/* End XCBuildConfiguration section */

/* Begin XCConfigurationList section */
		D4F364CA1962B43600846576 /* Build configuration list for PBXProject "PureMVC Swift" */ = {
			isa = XCConfigurationList;
			buildConfigurations = (
				D4F364E41962B43700846576 /* Debug */,
				D4F364E51962B43700846576 /* Release */,
			);
			defaultConfigurationIsVisible = 0;
			defaultConfigurationName = Release;
		};
		D4F364E61962B43700846576 /* Build configuration list for PBXNativeTarget "PureMVCSwift" */ = {
			isa = XCConfigurationList;
			buildConfigurations = (
				D4F364E71962B43700846576 /* Debug */,
				D4F364E81962B43700846576 /* Release */,
			);
			defaultConfigurationIsVisible = 0;
			defaultConfigurationName = Release;
		};
		D4F364E91962B43700846576 /* Build configuration list for PBXNativeTarget "PureMVCSwiftTests" */ = {
			isa = XCConfigurationList;
			buildConfigurations = (
				D4F364EA1962B43700846576 /* Debug */,
				D4F364EB1962B43700846576 /* Release */,
			);
			defaultConfigurationIsVisible = 0;
			defaultConfigurationName = Release;
		};
		D4F365091962B46800846576 /* Build configuration list for PBXNativeTarget "PureMVCSwiftDemo" */ = {
			isa = XCConfigurationList;
			buildConfigurations = (
				D4F3650A1962B46800846576 /* Debug */,
				D4F3650B1962B46800846576 /* Release */,
			);
			defaultConfigurationIsVisible = 0;
			defaultConfigurationName = Release;
		};
/* End XCConfigurationList section */
	};
	rootObject = D4F364C71962B43600846576 /* Project object */;
}
